
Microsoft Visual Studio Solution File, Format Version 12.00
# Visual Studio Version 17
VisualStudioVersion = 17.0.31903.59
MinimumVisualStudioVersion = 10.0.40219.1
Project("{2150E333-8FDC-42A3-9474-1A3956D46DE8}") = "src", "src", "{3BD05ED8-A2FE-4F9C-8931-5C4910CD6AED}"
EndProject
Project("{2150E333-8FDC-42A3-9474-1A3956D46DE8}") = "Features", "Features", "{D5C2B02D-F6DD-4FD3-8359-5AC0901E746A}"
EndProject
Project("{FAE04EC0-301F-11D3-BF4B-00C04F79EFBC}") = "Naet.Features", "src\Features\src\Naet.Features.csproj", "{6606A65B-AA1F-4418-8108-5959A40DF751}"
EndProject
Project("{2150E333-8FDC-42A3-9474-1A3956D46DE8}") = "Server", "Server", "{B10C7063-17E7-40CB-9181-D2D61ECC12F7}"
EndProject
Project("{2150E333-8FDC-42A3-9474-1A3956D46DE8}") = "Abstractions", "Abstractions", "{7994F1B0-1A35-4ADF-920F-F1D1635D39C1}"
EndProject
Project("{FAE04EC0-301F-11D3-BF4B-00C04F79EFBC}") = "Naet.Server.Abstractions", "src\Server\Abstractions\src\Naet.Server.Abstractions.csproj", "{7EC3EA08-A916-4510-8B2E-637A6F522C27}"
EndProject
Project("{2150E333-8FDC-42A3-9474-1A3956D46DE8}") = "Server", "Server", "{E2E109D8-767C-4544-BB70-17CAF91B087D}"
EndProject
Project("{FAE04EC0-301F-11D3-BF4B-00C04F79EFBC}") = "Naet.Server", "src\Server\Server\src\Naet.Server.csproj", "{7E33826D-F24A-434C-8C7F-8A6C606478E8}"
EndProject
Project("{2150E333-8FDC-42A3-9474-1A3956D46DE8}") = "Transport", "Transport", "{FD536826-53F2-4E6C-BBB0-37DD70D739C4}"
EndProject
Project("{2150E333-8FDC-42A3-9474-1A3956D46DE8}") = "Sockets", "Sockets", "{369BA9A2-6276-4854-A799-AB3139DC95AA}"
EndProject
Project("{FAE04EC0-301F-11D3-BF4B-00C04F79EFBC}") = "Naet.Transport.Sockets", "src\Transport\Sockets\src\Naet.Transport.Sockets.csproj", "{E496DFB2-9DA3-4969-9E3E-4912F184815D}"
EndProject
Project("{2150E333-8FDC-42A3-9474-1A3956D46DE8}") = "Quic", "Quic", "{22D0FEF4-7B24-4BB8-86F7-372361E76DC6}"
EndProject
Project("{FAE04EC0-301F-11D3-BF4B-00C04F79EFBC}") = "Naet.Transport.Quic", "src\Transport\Quic\src\Naet.Transport.Quic.csproj", "{A8BBBA3F-D37E-42EB-94F1-372D759698FE}"
EndProject
Project("{2150E333-8FDC-42A3-9474-1A3956D46DE8}") = "Hosting", "Hosting", "{3DB1E5B6-82E9-4CB2-8DE4-7788B86C7598}"
EndProject
Project("{FAE04EC0-301F-11D3-BF4B-00C04F79EFBC}") = "Naet.Hosting", "src\Hosting\src\Naet.Hosting.csproj", "{F4D88219-EB92-4F55-B02F-4B62ADE036B4}"
EndProject
Project("{2150E333-8FDC-42A3-9474-1A3956D46DE8}") = "Samples", "Samples", "{398B8284-ACB7-4517-B316-63672EFA5909}"
EndProject
Project("{FAE04EC0-301F-11D3-BF4B-00C04F79EFBC}") = "Naet.Samples.Sockets", "src\Samples\Sockets\Naet.Samples.Sockets.csproj", "{7ADB9C39-BAAE-479C-9D0B-20F9C50E0239}"
EndProject
Project("{2150E333-8FDC-42A3-9474-1A3956D46DE8}") = "Connections", "Connections", "{8D09FC63-BCE3-4014-97CF-7220F1359DEC}"
EndProject
Project("{FAE04EC0-301F-11D3-BF4B-00C04F79EFBC}") = "Naet.Connections", "src\Connections\src\Naet.Connections.csproj", "{86ED9EEA-A58F-424C-AB0A-BBF993F8C315}"
EndProject
Global
	GlobalSection(SolutionConfigurationPlatforms) = preSolution
		Debug|Any CPU = Debug|Any CPU
		Release|Any CPU = Release|Any CPU
	EndGlobalSection
	GlobalSection(SolutionProperties) = preSolution
		HideSolutionNode = FALSE
	EndGlobalSection
	GlobalSection(ProjectConfigurationPlatforms) = postSolution
		{6606A65B-AA1F-4418-8108-5959A40DF751}.Debug|Any CPU.ActiveCfg = Debug|Any CPU
		{6606A65B-AA1F-4418-8108-5959A40DF751}.Debug|Any CPU.Build.0 = Debug|Any CPU
		{6606A65B-AA1F-4418-8108-5959A40DF751}.Release|Any CPU.ActiveCfg = Release|Any CPU
		{6606A65B-AA1F-4418-8108-5959A40DF751}.Release|Any CPU.Build.0 = Release|Any CPU
		{7EC3EA08-A916-4510-8B2E-637A6F522C27}.Debug|Any CPU.ActiveCfg = Debug|Any CPU
		{7EC3EA08-A916-4510-8B2E-637A6F522C27}.Debug|Any CPU.Build.0 = Debug|Any CPU
		{7EC3EA08-A916-4510-8B2E-637A6F522C27}.Release|Any CPU.ActiveCfg = Release|Any CPU
		{7EC3EA08-A916-4510-8B2E-637A6F522C27}.Release|Any CPU.Build.0 = Release|Any CPU
		{7E33826D-F24A-434C-8C7F-8A6C606478E8}.Debug|Any CPU.ActiveCfg = Debug|Any CPU
		{7E33826D-F24A-434C-8C7F-8A6C606478E8}.Debug|Any CPU.Build.0 = Debug|Any CPU
		{7E33826D-F24A-434C-8C7F-8A6C606478E8}.Release|Any CPU.ActiveCfg = Release|Any CPU
		{7E33826D-F24A-434C-8C7F-8A6C606478E8}.Release|Any CPU.Build.0 = Release|Any CPU
		{E496DFB2-9DA3-4969-9E3E-4912F184815D}.Debug|Any CPU.ActiveCfg = Debug|Any CPU
		{E496DFB2-9DA3-4969-9E3E-4912F184815D}.Debug|Any CPU.Build.0 = Debug|Any CPU
		{E496DFB2-9DA3-4969-9E3E-4912F184815D}.Release|Any CPU.ActiveCfg = Release|Any CPU
		{E496DFB2-9DA3-4969-9E3E-4912F184815D}.Release|Any CPU.Build.0 = Release|Any CPU
		{A8BBBA3F-D37E-42EB-94F1-372D759698FE}.Debug|Any CPU.ActiveCfg = Debug|Any CPU
		{A8BBBA3F-D37E-42EB-94F1-372D759698FE}.Debug|Any CPU.Build.0 = Debug|Any CPU
		{A8BBBA3F-D37E-42EB-94F1-372D759698FE}.Release|Any CPU.ActiveCfg = Release|Any CPU
		{A8BBBA3F-D37E-42EB-94F1-372D759698FE}.Release|Any CPU.Build.0 = Release|Any CPU
		{F4D88219-EB92-4F55-B02F-4B62ADE036B4}.Debug|Any CPU.ActiveCfg = Debug|Any CPU
		{F4D88219-EB92-4F55-B02F-4B62ADE036B4}.Debug|Any CPU.Build.0 = Debug|Any CPU
		{F4D88219-EB92-4F55-B02F-4B62ADE036B4}.Release|Any CPU.ActiveCfg = Release|Any CPU
		{F4D88219-EB92-4F55-B02F-4B62ADE036B4}.Release|Any CPU.Build.0 = Release|Any CPU
		{7ADB9C39-BAAE-479C-9D0B-20F9C50E0239}.Debug|Any CPU.ActiveCfg = Debug|Any CPU
		{7ADB9C39-BAAE-479C-9D0B-20F9C50E0239}.Debug|Any CPU.Build.0 = Debug|Any CPU
		{7ADB9C39-BAAE-479C-9D0B-20F9C50E0239}.Release|Any CPU.ActiveCfg = Release|Any CPU
		{7ADB9C39-BAAE-479C-9D0B-20F9C50E0239}.Release|Any CPU.Build.0 = Release|Any CPU
		{86ED9EEA-A58F-424C-AB0A-BBF993F8C315}.Debug|Any CPU.ActiveCfg = Debug|Any CPU
		{86ED9EEA-A58F-424C-AB0A-BBF993F8C315}.Debug|Any CPU.Build.0 = Debug|Any CPU
		{86ED9EEA-A58F-424C-AB0A-BBF993F8C315}.Release|Any CPU.ActiveCfg = Release|Any CPU
		{86ED9EEA-A58F-424C-AB0A-BBF993F8C315}.Release|Any CPU.Build.0 = Release|Any CPU
	EndGlobalSection
	GlobalSection(NestedProjects) = preSolution
		{D5C2B02D-F6DD-4FD3-8359-5AC0901E746A} = {3BD05ED8-A2FE-4F9C-8931-5C4910CD6AED}
		{6606A65B-AA1F-4418-8108-5959A40DF751} = {D5C2B02D-F6DD-4FD3-8359-5AC0901E746A}
		{B10C7063-17E7-40CB-9181-D2D61ECC12F7} = {3BD05ED8-A2FE-4F9C-8931-5C4910CD6AED}
		{7994F1B0-1A35-4ADF-920F-F1D1635D39C1} = {B10C7063-17E7-40CB-9181-D2D61ECC12F7}
		{7EC3EA08-A916-4510-8B2E-637A6F522C27} = {7994F1B0-1A35-4ADF-920F-F1D1635D39C1}
		{E2E109D8-767C-4544-BB70-17CAF91B087D} = {B10C7063-17E7-40CB-9181-D2D61ECC12F7}
		{7E33826D-F24A-434C-8C7F-8A6C606478E8} = {E2E109D8-767C-4544-BB70-17CAF91B087D}
		{FD536826-53F2-4E6C-BBB0-37DD70D739C4} = {3BD05ED8-A2FE-4F9C-8931-5C4910CD6AED}
		{369BA9A2-6276-4854-A799-AB3139DC95AA} = {FD536826-53F2-4E6C-BBB0-37DD70D739C4}
		{E496DFB2-9DA3-4969-9E3E-4912F184815D} = {369BA9A2-6276-4854-A799-AB3139DC95AA}
		{22D0FEF4-7B24-4BB8-86F7-372361E76DC6} = {FD536826-53F2-4E6C-BBB0-37DD70D739C4}
		{A8BBBA3F-D37E-42EB-94F1-372D759698FE} = {22D0FEF4-7B24-4BB8-86F7-372361E76DC6}
		{3DB1E5B6-82E9-4CB2-8DE4-7788B86C7598} = {3BD05ED8-A2FE-4F9C-8931-5C4910CD6AED}
		{F4D88219-EB92-4F55-B02F-4B62ADE036B4} = {3DB1E5B6-82E9-4CB2-8DE4-7788B86C7598}
		{398B8284-ACB7-4517-B316-63672EFA5909} = {3BD05ED8-A2FE-4F9C-8931-5C4910CD6AED}
		{7ADB9C39-BAAE-479C-9D0B-20F9C50E0239} = {398B8284-ACB7-4517-B316-63672EFA5909}
		{8D09FC63-BCE3-4014-97CF-7220F1359DEC} = {3BD05ED8-A2FE-4F9C-8931-5C4910CD6AED}
		{86ED9EEA-A58F-424C-AB0A-BBF993F8C315} = {8D09FC63-BCE3-4014-97CF-7220F1359DEC}
	EndGlobalSection
EndGlobal
